
Microsoft Visual Studio Solution File, Format Version 12.00
# Visual Studio Version 17
VisualStudioVersion = 17.10.35027.167
MinimumVisualStudioVersion = 10.0.40219.1
Project("{FAE04EC0-301F-11D3-BF4B-00C04F79EFBC}") = "prySampaolesiGitHub", "prySampaolesiGitHub\prySampaolesiGitHub.csproj", "{0398DBD3-50A6-4AEF-96B2-A2856DB6FD9E}"
EndProject
Global
	GlobalSection(SolutionConfigurationPlatforms) = preSolution
		Debug|Any CPU = Debug|Any CPU
		Release|Any CPU = Release|Any CPU
	EndGlobalSection
	GlobalSection(ProjectConfigurationPlatforms) = postSolution
		{0398DBD3-50A6-4AEF-96B2-A2856DB6FD9E}.Debug|Any CPU.ActiveCfg = Debug|Any CPU
		{0398DBD3-50A6-4AEF-96B2-A2856DB6FD9E}.Debug|Any CPU.Build.0 = Debug|Any CPU
		{0398DBD3-50A6-4AEF-96B2-A2856DB6FD9E}.Release|Any CPU.ActiveCfg = Release|Any CPU
		{0398DBD3-50A6-4AEF-96B2-A2856DB6FD9E}.Release|Any CPU.Build.0 = Release|Any CPU
	EndGlobalSection
	GlobalSection(SolutionProperties) = preSolution
		HideSolutionNode = FALSE
	EndGlobalSection
	GlobalSection(ExtensibilityGlobals) = postSolution
		SolutionGuid = {305F6315-8400-4142-B9CD-E5CA06B26CAF}
	EndGlobalSection
EndGlobal
